
Microsoft Visual Studio Solution File, Format Version 12.00
# Visual Studio Version 16
VisualStudioVersion = 16.0.31019.35
MinimumVisualStudioVersion = 10.0.40219.1
Project("{9A19103F-16F7-4668-BE54-9A1E7A4F7556}") = "AssignmentDecs.UI", "AssignmentDecs.UI\AssignmentDecs.UI.csproj", "{567A3BDE-6936-4CEE-B8C5-F1A97D35E7E1}"
EndProject
Project("{9A19103F-16F7-4668-BE54-9A1E7A4F7556}") = "AssignmentDecs.Data", "AssignmentDecs.Data\AssignmentDecs.Data.csproj", "{5A90C6A8-92EE-4C90-9215-EDE0B014EAE3}"
EndProject
Project("{9A19103F-16F7-4668-BE54-9A1E7A4F7556}") = "AssignmentDecs.Service", "AssignmentDecs.Service\AssignmentDecs.Service.csproj", "{18927C08-7FE2-459C-B708-34BD6FE89BCB}"
EndProject
Project("{FAE04EC0-301F-11D3-BF4B-00C04F79EFBC}") = "AssignmentDecs.Test", "AssignmentDecs.Test\AssignmentDecs.Test.csproj", "{A3A5182A-6329-4428-A4DB-79403E02B8A4}"
EndProject
Global
	GlobalSection(SolutionConfigurationPlatforms) = preSolution
		Debug|Any CPU = Debug|Any CPU
		Release|Any CPU = Release|Any CPU
	EndGlobalSection
	GlobalSection(ProjectConfigurationPlatforms) = postSolution
		{567A3BDE-6936-4CEE-B8C5-F1A97D35E7E1}.Debug|Any CPU.ActiveCfg = Debug|Any CPU
		{567A3BDE-6936-4CEE-B8C5-F1A97D35E7E1}.Debug|Any CPU.Build.0 = Debug|Any CPU
		{567A3BDE-6936-4CEE-B8C5-F1A97D35E7E1}.Release|Any CPU.ActiveCfg = Release|Any CPU
		{567A3BDE-6936-4CEE-B8C5-F1A97D35E7E1}.Release|Any CPU.Build.0 = Release|Any CPU
		{5A90C6A8-92EE-4C90-9215-EDE0B014EAE3}.Debug|Any CPU.ActiveCfg = Debug|Any CPU
		{5A90C6A8-92EE-4C90-9215-EDE0B014EAE3}.Debug|Any CPU.Build.0 = Debug|Any CPU
		{5A90C6A8-92EE-4C90-9215-EDE0B014EAE3}.Release|Any CPU.ActiveCfg = Release|Any CPU
		{5A90C6A8-92EE-4C90-9215-EDE0B014EAE3}.Release|Any CPU.Build.0 = Release|Any CPU
		{18927C08-7FE2-459C-B708-34BD6FE89BCB}.Debug|Any CPU.ActiveCfg = Debug|Any CPU
		{18927C08-7FE2-459C-B708-34BD6FE89BCB}.Debug|Any CPU.Build.0 = Debug|Any CPU
		{18927C08-7FE2-459C-B708-34BD6FE89BCB}.Release|Any CPU.ActiveCfg = Release|Any CPU
		{18927C08-7FE2-459C-B708-34BD6FE89BCB}.Release|Any CPU.Build.0 = Release|Any CPU
		{A3A5182A-6329-4428-A4DB-79403E02B8A4}.Debug|Any CPU.ActiveCfg = Debug|Any CPU
		{A3A5182A-6329-4428-A4DB-79403E02B8A4}.Debug|Any CPU.Build.0 = Debug|Any CPU
		{A3A5182A-6329-4428-A4DB-79403E02B8A4}.Release|Any CPU.ActiveCfg = Release|Any CPU
		{A3A5182A-6329-4428-A4DB-79403E02B8A4}.Release|Any CPU.Build.0 = Release|Any CPU
	EndGlobalSection
	GlobalSection(SolutionProperties) = preSolution
		HideSolutionNode = FALSE
	EndGlobalSection
	GlobalSection(ExtensibilityGlobals) = postSolution
		SolutionGuid = {BE5B03DB-668C-4B6A-8E53-82E89DBD85A1}
	EndGlobalSection
EndGlobal
